
Microsoft Visual Studio Solution File, Format Version 12.00
# Visual Studio Version 16
VisualStudioVersion = 16.0.31321.278
MinimumVisualStudioVersion = 10.0.40219.1
Project("{9A19103F-16F7-4668-BE54-9A1E7A4F7556}") = "testcsharp", "testcsharp.csproj", "{898BBCC9-A35A-4BE0-8CAA-B0B495B2B8EB}"
EndProject
Project("{FAE04EC0-301F-11D3-BF4B-00C04F79EFBC}") = "testcsharpAPI", "..\testcsharpAPI\testcsharpAPI.csproj", "{1B24513C-D467-4BDB-89F9-ABEDFBE347D1}"
EndProject
Global
	GlobalSection(SolutionConfigurationPlatforms) = preSolution
		Debug|Any CPU = Debug|Any CPU
		Release|Any CPU = Release|Any CPU
	EndGlobalSection
	GlobalSection(ProjectConfigurationPlatforms) = postSolution
		{898BBCC9-A35A-4BE0-8CAA-B0B495B2B8EB}.Debug|Any CPU.ActiveCfg = Debug|Any CPU
		{898BBCC9-A35A-4BE0-8CAA-B0B495B2B8EB}.Debug|Any CPU.Build.0 = Debug|Any CPU
		{898BBCC9-A35A-4BE0-8CAA-B0B495B2B8EB}.Release|Any CPU.ActiveCfg = Release|Any CPU
		{898BBCC9-A35A-4BE0-8CAA-B0B495B2B8EB}.Release|Any CPU.Build.0 = Release|Any CPU
		{1B24513C-D467-4BDB-89F9-ABEDFBE347D1}.Debug|Any CPU.ActiveCfg = Debug|Any CPU
		{1B24513C-D467-4BDB-89F9-ABEDFBE347D1}.Debug|Any CPU.Build.0 = Debug|Any CPU
		{1B24513C-D467-4BDB-89F9-ABEDFBE347D1}.Release|Any CPU.ActiveCfg = Release|Any CPU
		{1B24513C-D467-4BDB-89F9-ABEDFBE347D1}.Release|Any CPU.Build.0 = Release|Any CPU
	EndGlobalSection
	GlobalSection(SolutionProperties) = preSolution
		HideSolutionNode = FALSE
	EndGlobalSection
	GlobalSection(ExtensibilityGlobals) = postSolution
		SolutionGuid = {6A5E323F-ACA3-478A-BF66-A733AAB5F74B}
	EndGlobalSection
EndGlobal
